
Microsoft Visual Studio Solution File, Format Version 12.00
# Visual Studio Version 17
VisualStudioVersion = 17.0.32014.148
MinimumVisualStudioVersion = 10.0.40219.1
Project("{FAE04EC0-301F-11D3-BF4B-00C04F79EFBC}") = "001_HelloWorld", "001_HelloWorld\001_HelloWorld.csproj", "{1B3970F6-D9D1-462C-8E44-1F0BFE7ADE68}"
EndProject
Project("{FAE04EC0-301F-11D3-BF4B-00C04F79EFBC}") = "002_HelloWorld2", "002_HelloWorld2\002_HelloWorld2.csproj", "{2C7BF8B1-551C-4850-BBF9-A37D3C5F6A8A}"
EndProject
Project("{FAE04EC0-301F-11D3-BF4B-00C04F79EFBC}") = "003_HelloWorld3", "003_HelloWorld3\003_HelloWorld3.csproj", "{AB60BE58-0E9D-4B89-88AC-81ED647DF5F6}"
EndProject
Project("{FAE04EC0-301F-11D3-BF4B-00C04F79EFBC}") = "004_Check", "004_Check\004_Check.csproj", "{D03D7F2A-C277-42F4-B1ED-F8A54065FF6F}"
EndProject
Project("{FAE04EC0-301F-11D3-BF4B-00C04F79EFBC}") = "005_Check", "005_Check\005_Check.csproj", "{0A99118D-6E90-4E80-B7F8-E77A73C8F80B}"
EndProject
Project("{FAE04EC0-301F-11D3-BF4B-00C04F79EFBC}") = "006_Variable", "006_Variable\006_Variable.csproj", "{45B89D4A-0FBC-4D10-BA1C-F539C9AE14A2}"
EndProject
Project("{FAE04EC0-301F-11D3-BF4B-00C04F79EFBC}") = "007_Variable2", "007_Variable2\007_Variable2.csproj", "{9DFD6317-409C-493E-8969-5ADC4F201E26}"
EndProject
Project("{FAE04EC0-301F-11D3-BF4B-00C04F79EFBC}") = "008_Data1", "008_Data1\008_Data1.csproj", "{9420145E-D18F-4DDC-AB13-21C82B2E97C3}"
EndProject
Project("{FAE04EC0-301F-11D3-BF4B-00C04F79EFBC}") = "009_Data2", "009_Data2\009_Data2.csproj", "{EDF63453-5D82-4E8B-AE2D-D0183B427615}"
EndProject
Project("{FAE04EC0-301F-11D3-BF4B-00C04F79EFBC}") = "010_Data3", "010_Data3\010_Data3.csproj", "{B8C073B7-FA92-4B51-800B-8954A35AABDD}"
EndProject
Project("{FAE04EC0-301F-11D3-BF4B-00C04F79EFBC}") = "011_Data4", "011_Data4\011_Data4.csproj", "{36DBF4B8-A783-4BA1-A074-B09FCCFA4CFB}"
EndProject
Project("{FAE04EC0-301F-11D3-BF4B-00C04F79EFBC}") = "012_Data5", "012_Data5\012_Data5.csproj", "{C08BDF23-12BE-4421-A694-EEF14EAD3226}"
EndProject
Project("{FAE04EC0-301F-11D3-BF4B-00C04F79EFBC}") = "013_Data6", "013_Data6\013_Data6.csproj", "{0D61B9D3-8C6C-4578-A935-76E392C6EE81}"
EndProject
Project("{FAE04EC0-301F-11D3-BF4B-00C04F79EFBC}") = "014_Data7", "014_Data7\014_Data7.csproj", "{C73FA953-213F-4C50-BDD3-B3FDB56DE60E}"
EndProject
Project("{FAE04EC0-301F-11D3-BF4B-00C04F79EFBC}") = "015_Data8", "015_Data8\015_Data8.csproj", "{51A20544-0789-41D1-A7AC-51FC6C810596}"
EndProject
Project("{FAE04EC0-301F-11D3-BF4B-00C04F79EFBC}") = "016_String", "016_String\016_String.csproj", "{6FB7FC9A-F0A8-4EFB-9B33-86765AE6ABD5}"
EndProject
Project("{FAE04EC0-301F-11D3-BF4B-00C04F79EFBC}") = "017_Data_bool", "017_Data_bool\017_Data_bool.csproj", "{618668B5-47D0-456A-AC79-DA51292F7F1E}"
EndProject
Project("{FAE04EC0-301F-11D3-BF4B-00C04F79EFBC}") = "018_Data_object", "018_Data_object\018_Data_object.csproj", "{112269D2-D8CC-46B5-AFD2-DC80696C8B97}"
EndProject
Project("{FAE04EC0-301F-11D3-BF4B-00C04F79EFBC}") = "019_Data_enum", "019_Data_enum\019_Data_enum.csproj", "{154AAF21-276D-4306-9677-3868ADFA0751}"
EndProject
Project("{FAE04EC0-301F-11D3-BF4B-00C04F79EFBC}") = "020_Data_enum2", "020_Data_enum2\020_Data_enum2.csproj", "{B66C5076-FEA7-4F84-B115-D8F0FE6DBFB8}"
EndProject
Project("{FAE04EC0-301F-11D3-BF4B-00C04F79EFBC}") = "021_Data_nullable", "021_Data_nullable\021_Data_nullable.csproj", "{4A614EFA-7A9A-455C-9A8A-181660E5E273}"
EndProject
Project("{FAE04EC0-301F-11D3-BF4B-00C04F79EFBC}") = "022_Data_var", "022_Data_var\022_Data_var.csproj", "{166D9A9D-71B5-45CA-BDB0-BE55ADD0A7DA}"
EndProject
Project("{FAE04EC0-301F-11D3-BF4B-00C04F79EFBC}") = "023_Data_const", "023_Data_const\023_Data_const.csproj", "{2E012BB1-5FE2-4FFE-A4AF-3778C8217A75}"
EndProject
Project("{FAE04EC0-301F-11D3-BF4B-00C04F79EFBC}") = "024_Data_cast", "024_Data_cast\024_Data_cast.csproj", "{C660CEC8-97CD-4926-B01E-75669ADBFB33}"
EndProject
Project("{FAE04EC0-301F-11D3-BF4B-00C04F79EFBC}") = "025_Data_ToString", "025_Data_ToString\025_Data_ToString.csproj", "{D8B0B18C-16F9-446D-B68F-86A213ED81B1}"
EndProject
Project("{FAE04EC0-301F-11D3-BF4B-00C04F79EFBC}") = "026_Data_Parse", "026_Data_Parse\026_Data_Parse.csproj", "{07426FF5-A02B-430A-940C-0FD819EA48CC}"
EndProject
Project("{FAE04EC0-301F-11D3-BF4B-00C04F79EFBC}") = "027_Data_Convert", "027_Data_Convert\027_Data_Convert.csproj", "{2038F7A1-1E21-46E7-A6BF-1D4C7019589E}"
EndProject
Project("{FAE04EC0-301F-11D3-BF4B-00C04F79EFBC}") = "028_Data_reference", "028_Data_reference\028_Data_reference.csproj", "{5C2D09E0-343D-4928-9685-1BC2844E6C7C}"
EndProject
Project("{FAE04EC0-301F-11D3-BF4B-00C04F79EFBC}") = "029_Data_boxing", "029_Data_boxing\029_Data_boxing.csproj", "{0DBF4D39-D452-411C-85BC-4A2FCC82786E}"
EndProject
Project("{FAE04EC0-301F-11D3-BF4B-00C04F79EFBC}") = "030_ReadLine", "030_ReadLine\030_ReadLine.csproj", "{97D2DBD8-483C-45A0-952C-90938C6D923B}"
EndProject
Project("{FAE04EC0-301F-11D3-BF4B-00C04F79EFBC}") = "031_ReadLine2", "031_ReadLine2\031_ReadLine2.csproj", "{6F03DAD7-60BC-4C39-96CB-AE64075C8352}"
EndProject
Project("{FAE04EC0-301F-11D3-BF4B-00C04F79EFBC}") = "032_Check", "032_Check\032_Check.csproj", "{EA11DA5A-87A5-42F7-9FA6-D7C3B64C5C18}"
EndProject
Project("{FAE04EC0-301F-11D3-BF4B-00C04F79EFBC}") = "033_Check", "033_Check\033_Check.csproj", "{458B9639-407C-4318-870C-C25E73561397}"
EndProject
Project("{FAE04EC0-301F-11D3-BF4B-00C04F79EFBC}") = "034_Operator1", "034_Operator1\034_Operator1.csproj", "{B051E9F0-3A73-4C1A-B581-A6519430DFDC}"
EndProject
Project("{FAE04EC0-301F-11D3-BF4B-00C04F79EFBC}") = "035_Operator2", "035_Operator2\035_Operator2.csproj", "{63BC922D-ABEC-49CA-B4EA-DBC8593F8065}"
EndProject
Project("{FAE04EC0-301F-11D3-BF4B-00C04F79EFBC}") = "036_Operator3", "036_Operator3\036_Operator3.csproj", "{F7B219F0-99AC-4C02-95EF-31E01605FA4A}"
EndProject
Project("{FAE04EC0-301F-11D3-BF4B-00C04F79EFBC}") = "036_01_Operator3", "036_01_Operator3\036_01_Operator3.csproj", "{A3CDE752-3558-4528-8463-1D1E7C7876A2}"
EndProject
Project("{FAE04EC0-301F-11D3-BF4B-00C04F79EFBC}") = "037_Operator4", "037_Operator4\037_Operator4.csproj", "{0E13E1AA-9748-4CAE-8022-31AD83D365F4}"
EndProject
Project("{FAE04EC0-301F-11D3-BF4B-00C04F79EFBC}") = "038_Operator5", "038_Operator5\038_Operator5.csproj", "{84099620-4688-4245-A961-05ABDDD1C23C}"
EndProject
Project("{FAE04EC0-301F-11D3-BF4B-00C04F79EFBC}") = "039_Operator6", "039_Operator6\039_Operator6.csproj", "{064D6160-281D-4343-A108-1A12A5607BBE}"
EndProject
Project("{FAE04EC0-301F-11D3-BF4B-00C04F79EFBC}") = "040_Operator_Bit", "040_Operator_Bit\040_Operator_Bit.csproj", "{F267272F-11FD-43AC-AA6B-29599E4D982D}"
EndProject
Project("{FAE04EC0-301F-11D3-BF4B-00C04F79EFBC}") = "041_Operator_null", "041_Operator_null\041_Operator_null.csproj", "{F09308B1-49CE-4035-ABC9-0BE8D91CACED}"
EndProject
Project("{FAE04EC0-301F-11D3-BF4B-00C04F79EFBC}") = "042_Operator_Branch", "042_Operator_Branch\042_Operator_Branch.csproj", "{5EC5AB2C-C5E6-411B-B308-B879C476FF4B}"
EndProject
Project("{FAE04EC0-301F-11D3-BF4B-00C04F79EFBC}") = "043_Operator_Branch2", "043_Operator_Branch2\043_Operator_Branch2.csproj", "{2CFFC26F-E195-444B-8576-D66D85E9F297}"
EndProject
Project("{FAE04EC0-301F-11D3-BF4B-00C04F79EFBC}") = "044_Operator_Branch3", "044_Operator_Branch3\044_Operator_Branch3.csproj", "{08835B20-7BFA-4B9E-A56C-F09BAD1C5031}"
EndProject
Project("{FAE04EC0-301F-11D3-BF4B-00C04F79EFBC}") = "045_Operator_switch", "045_Operator_switch\045_Operator_switch.csproj", "{D5A7B463-0EFD-41C7-A7AC-F952C8443C75}"
EndProject
Project("{FAE04EC0-301F-11D3-BF4B-00C04F79EFBC}") = "046_Operator_switch", "046_Operator_swtich\046_Operator_switch.csproj", "{2072DB3D-1F0B-4ECD-AFBF-5B25CA470325}"
EndProject
Project("{FAE04EC0-301F-11D3-BF4B-00C04F79EFBC}") = "047_Operator_while", "047_Operator_while\047_Operator_while.csproj", "{57C9F107-F035-4F1B-BDCE-7CB51189472C}"
EndProject
Project("{FAE04EC0-301F-11D3-BF4B-00C04F79EFBC}") = "048_Operator_do_while", "048_Operator_do_while\048_Operator_do_while.csproj", "{7104DB69-F02E-49A6-8FD4-96DBBDA130E1}"
EndProject
Project("{FAE04EC0-301F-11D3-BF4B-00C04F79EFBC}") = "049_Operator_for", "049_Operator_for\049_Operator_for.csproj", "{CEAF9A1D-5AF4-4F6D-A672-64BF0AC34783}"
EndProject
Project("{FAE04EC0-301F-11D3-BF4B-00C04F79EFBC}") = "050_Operator_for_for", "050_Operator_for_for\050_Operator_for_for.csproj", "{4A134E15-D760-452B-8A9E-A46A3BE4E636}"
EndProject
Project("{FAE04EC0-301F-11D3-BF4B-00C04F79EFBC}") = "051_Operator_while_true", "051_Operator_while(true)\051_Operator_while_true.csproj", "{6951A07D-345F-4734-9D8C-6B8ED5BA924C}"
EndProject
Project("{FAE04EC0-301F-11D3-BF4B-00C04F79EFBC}") = "052_Operator_break", "052_Operator_break\052_Operator_break.csproj", "{9DF17E85-EDFE-43F6-9F39-505A0E84A85A}"
EndProject
Project("{FAE04EC0-301F-11D3-BF4B-00C04F79EFBC}") = "053_Operator_continue", "053_Operator_continue\053_Operator_continue.csproj", "{C55FDA05-1EFF-480F-B99D-1F82B3381EE0}"
EndProject
Project("{FAE04EC0-301F-11D3-BF4B-00C04F79EFBC}") = "054_Operator_goto", "054_Operator_goto\054_Operator_goto.csproj", "{9AA6FFA3-F752-43DB-BFD7-6C4A4517F77D}"
EndProject
Project("{FAE04EC0-301F-11D3-BF4B-00C04F79EFBC}") = "055_Check", "055_Check\055_Check.csproj", "{AA8B8D08-D147-47AC-877F-C7DC3D43AB77}"
EndProject
Project("{FAE04EC0-301F-11D3-BF4B-00C04F79EFBC}") = "056_Check", "056_Check\056_Check.csproj", "{88786F9B-8FB4-4913-9A0D-F7858DB64FFB}"
EndProject
Project("{FAE04EC0-301F-11D3-BF4B-00C04F79EFBC}") = "057_Check", "057_Check\057_Check.csproj", "{01C0A28C-391A-44DA-A2B6-104BC3B5EF20}"
EndProject
Global
	GlobalSection(SolutionConfigurationPlatforms) = preSolution
		Debug|Any CPU = Debug|Any CPU
		Release|Any CPU = Release|Any CPU
	EndGlobalSection
	GlobalSection(ProjectConfigurationPlatforms) = postSolution
		{1B3970F6-D9D1-462C-8E44-1F0BFE7ADE68}.Debug|Any CPU.ActiveCfg = Debug|Any CPU
		{1B3970F6-D9D1-462C-8E44-1F0BFE7ADE68}.Debug|Any CPU.Build.0 = Debug|Any CPU
		{1B3970F6-D9D1-462C-8E44-1F0BFE7ADE68}.Release|Any CPU.ActiveCfg = Release|Any CPU
		{1B3970F6-D9D1-462C-8E44-1F0BFE7ADE68}.Release|Any CPU.Build.0 = Release|Any CPU
		{2C7BF8B1-551C-4850-BBF9-A37D3C5F6A8A}.Debug|Any CPU.ActiveCfg = Debug|Any CPU
		{2C7BF8B1-551C-4850-BBF9-A37D3C5F6A8A}.Debug|Any CPU.Build.0 = Debug|Any CPU
		{2C7BF8B1-551C-4850-BBF9-A37D3C5F6A8A}.Release|Any CPU.ActiveCfg = Release|Any CPU
		{2C7BF8B1-551C-4850-BBF9-A37D3C5F6A8A}.Release|Any CPU.Build.0 = Release|Any CPU
		{AB60BE58-0E9D-4B89-88AC-81ED647DF5F6}.Debug|Any CPU.ActiveCfg = Debug|Any CPU
		{AB60BE58-0E9D-4B89-88AC-81ED647DF5F6}.Debug|Any CPU.Build.0 = Debug|Any CPU
		{AB60BE58-0E9D-4B89-88AC-81ED647DF5F6}.Release|Any CPU.ActiveCfg = Release|Any CPU
		{AB60BE58-0E9D-4B89-88AC-81ED647DF5F6}.Release|Any CPU.Build.0 = Release|Any CPU
		{D03D7F2A-C277-42F4-B1ED-F8A54065FF6F}.Debug|Any CPU.ActiveCfg = Debug|Any CPU
		{D03D7F2A-C277-42F4-B1ED-F8A54065FF6F}.Debug|Any CPU.Build.0 = Debug|Any CPU
		{D03D7F2A-C277-42F4-B1ED-F8A54065FF6F}.Release|Any CPU.ActiveCfg = Release|Any CPU
		{D03D7F2A-C277-42F4-B1ED-F8A54065FF6F}.Release|Any CPU.Build.0 = Release|Any CPU
		{0A99118D-6E90-4E80-B7F8-E77A73C8F80B}.Debug|Any CPU.ActiveCfg = Debug|Any CPU
		{0A99118D-6E90-4E80-B7F8-E77A73C8F80B}.Debug|Any CPU.Build.0 = Debug|Any CPU
		{0A99118D-6E90-4E80-B7F8-E77A73C8F80B}.Release|Any CPU.ActiveCfg = Release|Any CPU
		{0A99118D-6E90-4E80-B7F8-E77A73C8F80B}.Release|Any CPU.Build.0 = Release|Any CPU
		{45B89D4A-0FBC-4D10-BA1C-F539C9AE14A2}.Debug|Any CPU.ActiveCfg = Debug|Any CPU
		{45B89D4A-0FBC-4D10-BA1C-F539C9AE14A2}.Debug|Any CPU.Build.0 = Debug|Any CPU
		{45B89D4A-0FBC-4D10-BA1C-F539C9AE14A2}.Release|Any CPU.ActiveCfg = Release|Any CPU
		{45B89D4A-0FBC-4D10-BA1C-F539C9AE14A2}.Release|Any CPU.Build.0 = Release|Any CPU
		{9DFD6317-409C-493E-8969-5ADC4F201E26}.Debug|Any CPU.ActiveCfg = Debug|Any CPU
		{9DFD6317-409C-493E-8969-5ADC4F201E26}.Debug|Any CPU.Build.0 = Debug|Any CPU
		{9DFD6317-409C-493E-8969-5ADC4F201E26}.Release|Any CPU.ActiveCfg = Release|Any CPU
		{9DFD6317-409C-493E-8969-5ADC4F201E26}.Release|Any CPU.Build.0 = Release|Any CPU
		{9420145E-D18F-4DDC-AB13-21C82B2E97C3}.Debug|Any CPU.ActiveCfg = Debug|Any CPU
		{9420145E-D18F-4DDC-AB13-21C82B2E97C3}.Debug|Any CPU.Build.0 = Debug|Any CPU
		{9420145E-D18F-4DDC-AB13-21C82B2E97C3}.Release|Any CPU.ActiveCfg = Release|Any CPU
		{9420145E-D18F-4DDC-AB13-21C82B2E97C3}.Release|Any CPU.Build.0 = Release|Any CPU
		{EDF63453-5D82-4E8B-AE2D-D0183B427615}.Debug|Any CPU.ActiveCfg = Debug|Any CPU
		{EDF63453-5D82-4E8B-AE2D-D0183B427615}.Debug|Any CPU.Build.0 = Debug|Any CPU
		{EDF63453-5D82-4E8B-AE2D-D0183B427615}.Release|Any CPU.ActiveCfg = Release|Any CPU
		{EDF63453-5D82-4E8B-AE2D-D0183B427615}.Release|Any CPU.Build.0 = Release|Any CPU
		{B8C073B7-FA92-4B51-800B-8954A35AABDD}.Debug|Any CPU.ActiveCfg = Debug|Any CPU
		{B8C073B7-FA92-4B51-800B-8954A35AABDD}.Debug|Any CPU.Build.0 = Debug|Any CPU
		{B8C073B7-FA92-4B51-800B-8954A35AABDD}.Release|Any CPU.ActiveCfg = Release|Any CPU
		{B8C073B7-FA92-4B51-800B-8954A35AABDD}.Release|Any CPU.Build.0 = Release|Any CPU
		{36DBF4B8-A783-4BA1-A074-B09FCCFA4CFB}.Debug|Any CPU.ActiveCfg = Debug|Any CPU
		{36DBF4B8-A783-4BA1-A074-B09FCCFA4CFB}.Debug|Any CPU.Build.0 = Debug|Any CPU
		{36DBF4B8-A783-4BA1-A074-B09FCCFA4CFB}.Release|Any CPU.ActiveCfg = Release|Any CPU
		{36DBF4B8-A783-4BA1-A074-B09FCCFA4CFB}.Release|Any CPU.Build.0 = Release|Any CPU
		{C08BDF23-12BE-4421-A694-EEF14EAD3226}.Debug|Any CPU.ActiveCfg = Debug|Any CPU
		{C08BDF23-12BE-4421-A694-EEF14EAD3226}.Debug|Any CPU.Build.0 = Debug|Any CPU
		{C08BDF23-12BE-4421-A694-EEF14EAD3226}.Release|Any CPU.ActiveCfg = Release|Any CPU
		{C08BDF23-12BE-4421-A694-EEF14EAD3226}.Release|Any CPU.Build.0 = Release|Any CPU
		{0D61B9D3-8C6C-4578-A935-76E392C6EE81}.Debug|Any CPU.ActiveCfg = Debug|Any CPU
		{0D61B9D3-8C6C-4578-A935-76E392C6EE81}.Debug|Any CPU.Build.0 = Debug|Any CPU
		{0D61B9D3-8C6C-4578-A935-76E392C6EE81}.Release|Any CPU.ActiveCfg = Release|Any CPU
		{0D61B9D3-8C6C-4578-A935-76E392C6EE81}.Release|Any CPU.Build.0 = Release|Any CPU
		{C73FA953-213F-4C50-BDD3-B3FDB56DE60E}.Debug|Any CPU.ActiveCfg = Debug|Any CPU
		{C73FA953-213F-4C50-BDD3-B3FDB56DE60E}.Debug|Any CPU.Build.0 = Debug|Any CPU
		{C73FA953-213F-4C50-BDD3-B3FDB56DE60E}.Release|Any CPU.ActiveCfg = Release|Any CPU
		{C73FA953-213F-4C50-BDD3-B3FDB56DE60E}.Release|Any CPU.Build.0 = Release|Any CPU
		{51A20544-0789-41D1-A7AC-51FC6C810596}.Debug|Any CPU.ActiveCfg = Debug|Any CPU
		{51A20544-0789-41D1-A7AC-51FC6C810596}.Debug|Any CPU.Build.0 = Debug|Any CPU
		{51A20544-0789-41D1-A7AC-51FC6C810596}.Release|Any CPU.ActiveCfg = Release|Any CPU
		{51A20544-0789-41D1-A7AC-51FC6C810596}.Release|Any CPU.Build.0 = Release|Any CPU
		{6FB7FC9A-F0A8-4EFB-9B33-86765AE6ABD5}.Debug|Any CPU.ActiveCfg = Debug|Any CPU
		{6FB7FC9A-F0A8-4EFB-9B33-86765AE6ABD5}.Debug|Any CPU.Build.0 = Debug|Any CPU
		{6FB7FC9A-F0A8-4EFB-9B33-86765AE6ABD5}.Release|Any CPU.ActiveCfg = Release|Any CPU
		{6FB7FC9A-F0A8-4EFB-9B33-86765AE6ABD5}.Release|Any CPU.Build.0 = Release|Any CPU
		{618668B5-47D0-456A-AC79-DA51292F7F1E}.Debug|Any CPU.ActiveCfg = Debug|Any CPU
		{618668B5-47D0-456A-AC79-DA51292F7F1E}.Debug|Any CPU.Build.0 = Debug|Any CPU
		{618668B5-47D0-456A-AC79-DA51292F7F1E}.Release|Any CPU.ActiveCfg = Release|Any CPU
		{618668B5-47D0-456A-AC79-DA51292F7F1E}.Release|Any CPU.Build.0 = Release|Any CPU
		{112269D2-D8CC-46B5-AFD2-DC80696C8B97}.Debug|Any CPU.ActiveCfg = Debug|Any CPU
		{112269D2-D8CC-46B5-AFD2-DC80696C8B97}.Debug|Any CPU.Build.0 = Debug|Any CPU
		{112269D2-D8CC-46B5-AFD2-DC80696C8B97}.Release|Any CPU.ActiveCfg = Release|Any CPU
		{112269D2-D8CC-46B5-AFD2-DC80696C8B97}.Release|Any CPU.Build.0 = Release|Any CPU
		{154AAF21-276D-4306-9677-3868ADFA0751}.Debug|Any CPU.ActiveCfg = Debug|Any CPU
		{154AAF21-276D-4306-9677-3868ADFA0751}.Debug|Any CPU.Build.0 = Debug|Any CPU
		{154AAF21-276D-4306-9677-3868ADFA0751}.Release|Any CPU.ActiveCfg = Release|Any CPU
		{154AAF21-276D-4306-9677-3868ADFA0751}.Release|Any CPU.Build.0 = Release|Any CPU
		{B66C5076-FEA7-4F84-B115-D8F0FE6DBFB8}.Debug|Any CPU.ActiveCfg = Debug|Any CPU
		{B66C5076-FEA7-4F84-B115-D8F0FE6DBFB8}.Debug|Any CPU.Build.0 = Debug|Any CPU
		{B66C5076-FEA7-4F84-B115-D8F0FE6DBFB8}.Release|Any CPU.ActiveCfg = Release|Any CPU
		{B66C5076-FEA7-4F84-B115-D8F0FE6DBFB8}.Release|Any CPU.Build.0 = Release|Any CPU
		{4A614EFA-7A9A-455C-9A8A-181660E5E273}.Debug|Any CPU.ActiveCfg = Debug|Any CPU
		{4A614EFA-7A9A-455C-9A8A-181660E5E273}.Debug|Any CPU.Build.0 = Debug|Any CPU
		{4A614EFA-7A9A-455C-9A8A-181660E5E273}.Release|Any CPU.ActiveCfg = Release|Any CPU
		{4A614EFA-7A9A-455C-9A8A-181660E5E273}.Release|Any CPU.Build.0 = Release|Any CPU
		{166D9A9D-71B5-45CA-BDB0-BE55ADD0A7DA}.Debug|Any CPU.ActiveCfg = Debug|Any CPU
		{166D9A9D-71B5-45CA-BDB0-BE55ADD0A7DA}.Debug|Any CPU.Build.0 = Debug|Any CPU
		{166D9A9D-71B5-45CA-BDB0-BE55ADD0A7DA}.Release|Any CPU.ActiveCfg = Release|Any CPU
		{166D9A9D-71B5-45CA-BDB0-BE55ADD0A7DA}.Release|Any CPU.Build.0 = Release|Any CPU
		{2E012BB1-5FE2-4FFE-A4AF-3778C8217A75}.Debug|Any CPU.ActiveCfg = Debug|Any CPU
		{2E012BB1-5FE2-4FFE-A4AF-3778C8217A75}.Debug|Any CPU.Build.0 = Debug|Any CPU
		{2E012BB1-5FE2-4FFE-A4AF-3778C8217A75}.Release|Any CPU.ActiveCfg = Release|Any CPU
		{2E012BB1-5FE2-4FFE-A4AF-3778C8217A75}.Release|Any CPU.Build.0 = Release|Any CPU
		{C660CEC8-97CD-4926-B01E-75669ADBFB33}.Debug|Any CPU.ActiveCfg = Debug|Any CPU
		{C660CEC8-97CD-4926-B01E-75669ADBFB33}.Debug|Any CPU.Build.0 = Debug|Any CPU
		{C660CEC8-97CD-4926-B01E-75669ADBFB33}.Release|Any CPU.ActiveCfg = Release|Any CPU
		{C660CEC8-97CD-4926-B01E-75669ADBFB33}.Release|Any CPU.Build.0 = Release|Any CPU
		{D8B0B18C-16F9-446D-B68F-86A213ED81B1}.Debug|Any CPU.ActiveCfg = Debug|Any CPU
		{D8B0B18C-16F9-446D-B68F-86A213ED81B1}.Debug|Any CPU.Build.0 = Debug|Any CPU
		{D8B0B18C-16F9-446D-B68F-86A213ED81B1}.Release|Any CPU.ActiveCfg = Release|Any CPU
		{D8B0B18C-16F9-446D-B68F-86A213ED81B1}.Release|Any CPU.Build.0 = Release|Any CPU
		{07426FF5-A02B-430A-940C-0FD819EA48CC}.Debug|Any CPU.ActiveCfg = Debug|Any CPU
		{07426FF5-A02B-430A-940C-0FD819EA48CC}.Debug|Any CPU.Build.0 = Debug|Any CPU
		{07426FF5-A02B-430A-940C-0FD819EA48CC}.Release|Any CPU.ActiveCfg = Release|Any CPU
		{07426FF5-A02B-430A-940C-0FD819EA48CC}.Release|Any CPU.Build.0 = Release|Any CPU
		{2038F7A1-1E21-46E7-A6BF-1D4C7019589E}.Debug|Any CPU.ActiveCfg = Debug|Any CPU
		{2038F7A1-1E21-46E7-A6BF-1D4C7019589E}.Debug|Any CPU.Build.0 = Debug|Any CPU
		{2038F7A1-1E21-46E7-A6BF-1D4C7019589E}.Release|Any CPU.ActiveCfg = Release|Any CPU
		{2038F7A1-1E21-46E7-A6BF-1D4C7019589E}.Release|Any CPU.Build.0 = Release|Any CPU
		{5C2D09E0-343D-4928-9685-1BC2844E6C7C}.Debug|Any CPU.ActiveCfg = Debug|Any CPU
		{5C2D09E0-343D-4928-9685-1BC2844E6C7C}.Debug|Any CPU.Build.0 = Debug|Any CPU
		{5C2D09E0-343D-4928-9685-1BC2844E6C7C}.Release|Any CPU.ActiveCfg = Release|Any CPU
		{5C2D09E0-343D-4928-9685-1BC2844E6C7C}.Release|Any CPU.Build.0 = Release|Any CPU
		{0DBF4D39-D452-411C-85BC-4A2FCC82786E}.Debug|Any CPU.ActiveCfg = Debug|Any CPU
		{0DBF4D39-D452-411C-85BC-4A2FCC82786E}.Debug|Any CPU.Build.0 = Debug|Any CPU
		{0DBF4D39-D452-411C-85BC-4A2FCC82786E}.Release|Any CPU.ActiveCfg = Release|Any CPU
		{0DBF4D39-D452-411C-85BC-4A2FCC82786E}.Release|Any CPU.Build.0 = Release|Any CPU
		{97D2DBD8-483C-45A0-952C-90938C6D923B}.Debug|Any CPU.ActiveCfg = Debug|Any CPU
		{97D2DBD8-483C-45A0-952C-90938C6D923B}.Debug|Any CPU.Build.0 = Debug|Any CPU
		{97D2DBD8-483C-45A0-952C-90938C6D923B}.Release|Any CPU.ActiveCfg = Release|Any CPU
		{97D2DBD8-483C-45A0-952C-90938C6D923B}.Release|Any CPU.Build.0 = Release|Any CPU
		{6F03DAD7-60BC-4C39-96CB-AE64075C8352}.Debug|Any CPU.ActiveCfg = Debug|Any CPU
		{6F03DAD7-60BC-4C39-96CB-AE64075C8352}.Debug|Any CPU.Build.0 = Debug|Any CPU
		{6F03DAD7-60BC-4C39-96CB-AE64075C8352}.Release|Any CPU.ActiveCfg = Release|Any CPU
		{6F03DAD7-60BC-4C39-96CB-AE64075C8352}.Release|Any CPU.Build.0 = Release|Any CPU
		{EA11DA5A-87A5-42F7-9FA6-D7C3B64C5C18}.Debug|Any CPU.ActiveCfg = Debug|Any CPU
		{EA11DA5A-87A5-42F7-9FA6-D7C3B64C5C18}.Debug|Any CPU.Build.0 = Debug|Any CPU
		{EA11DA5A-87A5-42F7-9FA6-D7C3B64C5C18}.Release|Any CPU.ActiveCfg = Release|Any CPU
		{EA11DA5A-87A5-42F7-9FA6-D7C3B64C5C18}.Release|Any CPU.Build.0 = Release|Any CPU
		{458B9639-407C-4318-870C-C25E73561397}.Debug|Any CPU.ActiveCfg = Debug|Any CPU
		{458B9639-407C-4318-870C-C25E73561397}.Debug|Any CPU.Build.0 = Debug|Any CPU
		{458B9639-407C-4318-870C-C25E73561397}.Release|Any CPU.ActiveCfg = Release|Any CPU
		{458B9639-407C-4318-870C-C25E73561397}.Release|Any CPU.Build.0 = Release|Any CPU
		{B051E9F0-3A73-4C1A-B581-A6519430DFDC}.Debug|Any CPU.ActiveCfg = Debug|Any CPU
		{B051E9F0-3A73-4C1A-B581-A6519430DFDC}.Debug|Any CPU.Build.0 = Debug|Any CPU
		{B051E9F0-3A73-4C1A-B581-A6519430DFDC}.Release|Any CPU.ActiveCfg = Release|Any CPU
		{B051E9F0-3A73-4C1A-B581-A6519430DFDC}.Release|Any CPU.Build.0 = Release|Any CPU
		{63BC922D-ABEC-49CA-B4EA-DBC8593F8065}.Debug|Any CPU.ActiveCfg = Debug|Any CPU
		{63BC922D-ABEC-49CA-B4EA-DBC8593F8065}.Debug|Any CPU.Build.0 = Debug|Any CPU
		{63BC922D-ABEC-49CA-B4EA-DBC8593F8065}.Release|Any CPU.ActiveCfg = Release|Any CPU
		{63BC922D-ABEC-49CA-B4EA-DBC8593F8065}.Release|Any CPU.Build.0 = Release|Any CPU
		{F7B219F0-99AC-4C02-95EF-31E01605FA4A}.Debug|Any CPU.ActiveCfg = Debug|Any CPU
		{F7B219F0-99AC-4C02-95EF-31E01605FA4A}.Debug|Any CPU.Build.0 = Debug|Any CPU
		{F7B219F0-99AC-4C02-95EF-31E01605FA4A}.Release|Any CPU.ActiveCfg = Release|Any CPU
		{F7B219F0-99AC-4C02-95EF-31E01605FA4A}.Release|Any CPU.Build.0 = Release|Any CPU
		{A3CDE752-3558-4528-8463-1D1E7C7876A2}.Debug|Any CPU.ActiveCfg = Debug|Any CPU
		{A3CDE752-3558-4528-8463-1D1E7C7876A2}.Debug|Any CPU.Build.0 = Debug|Any CPU
		{A3CDE752-3558-4528-8463-1D1E7C7876A2}.Release|Any CPU.ActiveCfg = Release|Any CPU
		{A3CDE752-3558-4528-8463-1D1E7C7876A2}.Release|Any CPU.Build.0 = Release|Any CPU
		{0E13E1AA-9748-4CAE-8022-31AD83D365F4}.Debug|Any CPU.ActiveCfg = Debug|Any CPU
		{0E13E1AA-9748-4CAE-8022-31AD83D365F4}.Debug|Any CPU.Build.0 = Debug|Any CPU
		{0E13E1AA-9748-4CAE-8022-31AD83D365F4}.Release|Any CPU.ActiveCfg = Release|Any CPU
		{0E13E1AA-9748-4CAE-8022-31AD83D365F4}.Release|Any CPU.Build.0 = Release|Any CPU
		{84099620-4688-4245-A961-05ABDDD1C23C}.Debug|Any CPU.ActiveCfg = Debug|Any CPU
		{84099620-4688-4245-A961-05ABDDD1C23C}.Debug|Any CPU.Build.0 = Debug|Any CPU
		{84099620-4688-4245-A961-05ABDDD1C23C}.Release|Any CPU.ActiveCfg = Release|Any CPU
		{84099620-4688-4245-A961-05ABDDD1C23C}.Release|Any CPU.Build.0 = Release|Any CPU
		{064D6160-281D-4343-A108-1A12A5607BBE}.Debug|Any CPU.ActiveCfg = Debug|Any CPU
		{064D6160-281D-4343-A108-1A12A5607BBE}.Debug|Any CPU.Build.0 = Debug|Any CPU
		{064D6160-281D-4343-A108-1A12A5607BBE}.Release|Any CPU.ActiveCfg = Release|Any CPU
		{064D6160-281D-4343-A108-1A12A5607BBE}.Release|Any CPU.Build.0 = Release|Any CPU
		{F267272F-11FD-43AC-AA6B-29599E4D982D}.Debug|Any CPU.ActiveCfg = Debug|Any CPU
		{F267272F-11FD-43AC-AA6B-29599E4D982D}.Debug|Any CPU.Build.0 = Debug|Any CPU
		{F267272F-11FD-43AC-AA6B-29599E4D982D}.Release|Any CPU.ActiveCfg = Release|Any CPU
		{F267272F-11FD-43AC-AA6B-29599E4D982D}.Release|Any CPU.Build.0 = Release|Any CPU
		{F09308B1-49CE-4035-ABC9-0BE8D91CACED}.Debug|Any CPU.ActiveCfg = Debug|Any CPU
		{F09308B1-49CE-4035-ABC9-0BE8D91CACED}.Debug|Any CPU.Build.0 = Debug|Any CPU
		{F09308B1-49CE-4035-ABC9-0BE8D91CACED}.Release|Any CPU.ActiveCfg = Release|Any CPU
		{F09308B1-49CE-4035-ABC9-0BE8D91CACED}.Release|Any CPU.Build.0 = Release|Any CPU
		{5EC5AB2C-C5E6-411B-B308-B879C476FF4B}.Debug|Any CPU.ActiveCfg = Debug|Any CPU
		{5EC5AB2C-C5E6-411B-B308-B879C476FF4B}.Debug|Any CPU.Build.0 = Debug|Any CPU
		{5EC5AB2C-C5E6-411B-B308-B879C476FF4B}.Release|Any CPU.ActiveCfg = Release|Any CPU
		{5EC5AB2C-C5E6-411B-B308-B879C476FF4B}.Release|Any CPU.Build.0 = Release|Any CPU
		{2CFFC26F-E195-444B-8576-D66D85E9F297}.Debug|Any CPU.ActiveCfg = Debug|Any CPU
		{2CFFC26F-E195-444B-8576-D66D85E9F297}.Debug|Any CPU.Build.0 = Debug|Any CPU
		{2CFFC26F-E195-444B-8576-D66D85E9F297}.Release|Any CPU.ActiveCfg = Release|Any CPU
		{2CFFC26F-E195-444B-8576-D66D85E9F297}.Release|Any CPU.Build.0 = Release|Any CPU
		{08835B20-7BFA-4B9E-A56C-F09BAD1C5031}.Debug|Any CPU.ActiveCfg = Debug|Any CPU
		{08835B20-7BFA-4B9E-A56C-F09BAD1C5031}.Debug|Any CPU.Build.0 = Debug|Any CPU
		{08835B20-7BFA-4B9E-A56C-F09BAD1C5031}.Release|Any CPU.ActiveCfg = Release|Any CPU
		{08835B20-7BFA-4B9E-A56C-F09BAD1C5031}.Release|Any CPU.Build.0 = Release|Any CPU
		{D5A7B463-0EFD-41C7-A7AC-F952C8443C75}.Debug|Any CPU.ActiveCfg = Debug|Any CPU
		{D5A7B463-0EFD-41C7-A7AC-F952C8443C75}.Debug|Any CPU.Build.0 = Debug|Any CPU
		{D5A7B463-0EFD-41C7-A7AC-F952C8443C75}.Release|Any CPU.ActiveCfg = Release|Any CPU
		{D5A7B463-0EFD-41C7-A7AC-F952C8443C75}.Release|Any CPU.Build.0 = Release|Any CPU
		{2072DB3D-1F0B-4ECD-AFBF-5B25CA470325}.Debug|Any CPU.ActiveCfg = Debug|Any CPU
		{2072DB3D-1F0B-4ECD-AFBF-5B25CA470325}.Debug|Any CPU.Build.0 = Debug|Any CPU
		{2072DB3D-1F0B-4ECD-AFBF-5B25CA470325}.Release|Any CPU.ActiveCfg = Release|Any CPU
		{2072DB3D-1F0B-4ECD-AFBF-5B25CA470325}.Release|Any CPU.Build.0 = Release|Any CPU
		{57C9F107-F035-4F1B-BDCE-7CB51189472C}.Debug|Any CPU.ActiveCfg = Debug|Any CPU
		{57C9F107-F035-4F1B-BDCE-7CB51189472C}.Debug|Any CPU.Build.0 = Debug|Any CPU
		{57C9F107-F035-4F1B-BDCE-7CB51189472C}.Release|Any CPU.ActiveCfg = Release|Any CPU
		{57C9F107-F035-4F1B-BDCE-7CB51189472C}.Release|Any CPU.Build.0 = Release|Any CPU
		{7104DB69-F02E-49A6-8FD4-96DBBDA130E1}.Debug|Any CPU.ActiveCfg = Debug|Any CPU
		{7104DB69-F02E-49A6-8FD4-96DBBDA130E1}.Debug|Any CPU.Build.0 = Debug|Any CPU
		{7104DB69-F02E-49A6-8FD4-96DBBDA130E1}.Release|Any CPU.ActiveCfg = Release|Any CPU
		{7104DB69-F02E-49A6-8FD4-96DBBDA130E1}.Release|Any CPU.Build.0 = Release|Any CPU
		{CEAF9A1D-5AF4-4F6D-A672-64BF0AC34783}.Debug|Any CPU.ActiveCfg = Debug|Any CPU
		{CEAF9A1D-5AF4-4F6D-A672-64BF0AC34783}.Debug|Any CPU.Build.0 = Debug|Any CPU
		{CEAF9A1D-5AF4-4F6D-A672-64BF0AC34783}.Release|Any CPU.ActiveCfg = Release|Any CPU
		{CEAF9A1D-5AF4-4F6D-A672-64BF0AC34783}.Release|Any CPU.Build.0 = Release|Any CPU
		{4A134E15-D760-452B-8A9E-A46A3BE4E636}.Debug|Any CPU.ActiveCfg = Debug|Any CPU
		{4A134E15-D760-452B-8A9E-A46A3BE4E636}.Debug|Any CPU.Build.0 = Debug|Any CPU
		{4A134E15-D760-452B-8A9E-A46A3BE4E636}.Release|Any CPU.ActiveCfg = Release|Any CPU
		{4A134E15-D760-452B-8A9E-A46A3BE4E636}.Release|Any CPU.Build.0 = Release|Any CPU
		{6951A07D-345F-4734-9D8C-6B8ED5BA924C}.Debug|Any CPU.ActiveCfg = Debug|Any CPU
		{6951A07D-345F-4734-9D8C-6B8ED5BA924C}.Debug|Any CPU.Build.0 = Debug|Any CPU
		{6951A07D-345F-4734-9D8C-6B8ED5BA924C}.Release|Any CPU.ActiveCfg = Release|Any CPU
		{6951A07D-345F-4734-9D8C-6B8ED5BA924C}.Release|Any CPU.Build.0 = Release|Any CPU
		{9DF17E85-EDFE-43F6-9F39-505A0E84A85A}.Debug|Any CPU.ActiveCfg = Debug|Any CPU
		{9DF17E85-EDFE-43F6-9F39-505A0E84A85A}.Debug|Any CPU.Build.0 = Debug|Any CPU
		{9DF17E85-EDFE-43F6-9F39-505A0E84A85A}.Release|Any CPU.ActiveCfg = Release|Any CPU
		{9DF17E85-EDFE-43F6-9F39-505A0E84A85A}.Release|Any CPU.Build.0 = Release|Any CPU
		{C55FDA05-1EFF-480F-B99D-1F82B3381EE0}.Debug|Any CPU.ActiveCfg = Debug|Any CPU
		{C55FDA05-1EFF-480F-B99D-1F82B3381EE0}.Debug|Any CPU.Build.0 = Debug|Any CPU
		{C55FDA05-1EFF-480F-B99D-1F82B3381EE0}.Release|Any CPU.ActiveCfg = Release|Any CPU
		{C55FDA05-1EFF-480F-B99D-1F82B3381EE0}.Release|Any CPU.Build.0 = Release|Any CPU
		{9AA6FFA3-F752-43DB-BFD7-6C4A4517F77D}.Debug|Any CPU.ActiveCfg = Debug|Any CPU
		{9AA6FFA3-F752-43DB-BFD7-6C4A4517F77D}.Debug|Any CPU.Build.0 = Debug|Any CPU
		{9AA6FFA3-F752-43DB-BFD7-6C4A4517F77D}.Release|Any CPU.ActiveCfg = Release|Any CPU
		{9AA6FFA3-F752-43DB-BFD7-6C4A4517F77D}.Release|Any CPU.Build.0 = Release|Any CPU
		{AA8B8D08-D147-47AC-877F-C7DC3D43AB77}.Debug|Any CPU.ActiveCfg = Debug|Any CPU
		{AA8B8D08-D147-47AC-877F-C7DC3D43AB77}.Debug|Any CPU.Build.0 = Debug|Any CPU
		{AA8B8D08-D147-47AC-877F-C7DC3D43AB77}.Release|Any CPU.ActiveCfg = Release|Any CPU
		{AA8B8D08-D147-47AC-877F-C7DC3D43AB77}.Release|Any CPU.Build.0 = Release|Any CPU
		{88786F9B-8FB4-4913-9A0D-F7858DB64FFB}.Debug|Any CPU.ActiveCfg = Debug|Any CPU
		{88786F9B-8FB4-4913-9A0D-F7858DB64FFB}.Debug|Any CPU.Build.0 = Debug|Any CPU
		{88786F9B-8FB4-4913-9A0D-F7858DB64FFB}.Release|Any CPU.ActiveCfg = Release|Any CPU
		{88786F9B-8FB4-4913-9A0D-F7858DB64FFB}.Release|Any CPU.Build.0 = Release|Any CPU
		{01C0A28C-391A-44DA-A2B6-104BC3B5EF20}.Debug|Any CPU.ActiveCfg = Debug|Any CPU
		{01C0A28C-391A-44DA-A2B6-104BC3B5EF20}.Debug|Any CPU.Build.0 = Debug|Any CPU
		{01C0A28C-391A-44DA-A2B6-104BC3B5EF20}.Release|Any CPU.ActiveCfg = Release|Any CPU
		{01C0A28C-391A-44DA-A2B6-104BC3B5EF20}.Release|Any CPU.Build.0 = Release|Any CPU
	EndGlobalSection
	GlobalSection(SolutionProperties) = preSolution
		HideSolutionNode = FALSE
	EndGlobalSection
	GlobalSection(ExtensibilityGlobals) = postSolution
		SolutionGuid = {573F8DEB-E1FA-4E8D-A4A5-35808ED613A3}
	EndGlobalSection
EndGlobal
